{
  "name": "rwserve-brute-force",
  "version": "1.0.10",
  "lockfileVersion": 1,
  "requires": true,
  "dependencies": {
    "rwserve-plugin-sdk": {
      "version": "1.0.4",
      "resolved": "https://registry.npmjs.org/rwserve-plugin-sdk/-/rwserve-plugin-sdk-1.0.4.tgz",
      "integrity": "sha512-22V2OC6POiAR5NbUxEVOBC1OfMNBfDN9P4PDDhqAf62ZdRLDxKAq3TKNT+ySkX4YRaApSCjjwoOjD04IhmOSBg=="
    }
  }
}
